github.com/Compogo/tools v0.0.1 h1:oEsD838gwG4xAbKkWerRViLp4Gi+fqT07MJRucDL3vY=
github.com/Compogo/tools v0.0.1/go.mod h1:WMC6OW6nB8hsEMMa/1BR0/CWcDVAfg8Bj2+K08Ufcy4=
github.com/Compogo/tools v1.0.0 h1:Ltcfy70mK3qjOPdOygb3y5/vvUC611Ci+vI2JVmd86Q=
github.com/Compogo/tools v1.0.0/go.mod h1:maqYz4W55hyPl9PNT6YsIhoZCt8zbzSsUDCRrN3KRY4=
